
Microsoft Visual Studio Solution File, Format Version 12.00
Project("{FAE04EC0-301F-11D3-BF4B-00C04F79EFBC}") = "Intercom", "Intercom\Intercom.csproj", "{8B8F3900-59F6-486D-8262-D4188A132737}"
EndProject
Project("{FAE04EC0-301F-11D3-BF4B-00C04F79EFBC}") = "Intercom.Data", "Intercom.Data\Intercom.Data.csproj", "{A48835B0-2DD2-46DE-9C8C-B6B2901EAED9}"
EndProject
Global
	GlobalSection(SolutionConfigurationPlatforms) = preSolution
		Debug|Any CPU = Debug|Any CPU
		Release|Any CPU = Release|Any CPU
	EndGlobalSection
	GlobalSection(ProjectConfigurationPlatforms) = postSolution
		{8B8F3900-59F6-486D-8262-D4188A132737}.Debug|Any CPU.ActiveCfg = Debug|Any CPU
		{8B8F3900-59F6-486D-8262-D4188A132737}.Debug|Any CPU.Build.0 = Debug|Any CPU
		{8B8F3900-59F6-486D-8262-D4188A132737}.Release|Any CPU.ActiveCfg = Release|Any CPU
		{8B8F3900-59F6-486D-8262-D4188A132737}.Release|Any CPU.Build.0 = Release|Any CPU
		{A48835B0-2DD2-46DE-9C8C-B6B2901EAED9}.Debug|Any CPU.ActiveCfg = Debug|Any CPU
		{A48835B0-2DD2-46DE-9C8C-B6B2901EAED9}.Debug|Any CPU.Build.0 = Debug|Any CPU
		{A48835B0-2DD2-46DE-9C8C-B6B2901EAED9}.Release|Any CPU.ActiveCfg = Release|Any CPU
		{A48835B0-2DD2-46DE-9C8C-B6B2901EAED9}.Release|Any CPU.Build.0 = Release|Any CPU
	EndGlobalSection
EndGlobal
